# THIS IS AN AUTOGENERATED FILE. DO NOT EDIT THIS FILE DIRECTLY.
# yarn lockfile v1


"assertion-error@^1.0.1":
  "integrity" "sha512-jgsaNduz+ndvGyFt3uSuWqvy4lCnIJiovtouQN5JZHOKCS2QuhEdbcQHFhVksz2N2U9hXJo8odG7ETyWlEeuDw=="
  "resolved" "https://registry.npmjs.org/assertion-error/-/assertion-error-1.1.0.tgz"
  "version" "1.1.0"

"balanced-match@^1.0.0":
  "integrity" "sha512-3oSeUO0TMV67hN1AmbXsK4yaqU7tjiHlbxRDZOpH0KW9+CeX4bRAaX0Anxt0tx2MrpRpWwQaPwIlISEJhYU5Pw=="
  "resolved" "https://registry.npmjs.org/balanced-match/-/balanced-match-1.0.2.tgz"
  "version" "1.0.2"

"brace-expansion@^1.1.7":
  "integrity" "sha512-iCuPHDFgrHX7H2vEI/5xpz07zSHB00TpugqhmYtVmMO6518mCuRMoOYFldEBl0g187ufozdaHgWKcYFb61qGiA=="
  "resolved" "https://registry.npmjs.org/brace-expansion/-/brace-expansion-1.1.11.tgz"
  "version" "1.1.11"
  dependencies:
    "balanced-match" "^1.0.0"
    "concat-map" "0.0.1"

"byline@4.2.2":
  "integrity" "sha1-wgOpilsCkIIqk4anjtosvVvNsy8="
  "resolved" "https://registry.npmjs.org/byline/-/byline-4.2.2.tgz"
  "version" "4.2.2"

"chai@^3.4.1":
  "integrity" "sha1-TQJjewZ/6Vi9v906QOxW/vc3Mkc="
  "resolved" "https://registry.npmjs.org/chai/-/chai-3.5.0.tgz"
  "version" "3.5.0"
  dependencies:
    "assertion-error" "^1.0.1"
    "deep-eql" "^0.1.3"
    "type-detect" "^1.0.0"

"colog@1.0.2":
  "integrity" "sha1-oPUR6qC5RAia8eUyTgxu8VJirYQ="
  "resolved" "https://registry.npmjs.org/colog/-/colog-1.0.2.tgz"
  "version" "1.0.2"

"commander@0.6.1":
  "integrity" "sha1-+mihT2qUXVTbvlDYzbMyDp47GgY="
  "resolved" "https://registry.npmjs.org/commander/-/commander-0.6.1.tgz"
  "version" "0.6.1"

"commander@2.1.0":
  "integrity" "sha1-0SG7roYNmZKj1Re6lvVliOR8Z4E="
  "resolved" "https://registry.npmjs.org/commander/-/commander-2.1.0.tgz"
  "version" "2.1.0"

"commander@2.3.0":
  "integrity" "sha1-/UMOiJgy7DU7ms0d4hfBHLPu+HM="
  "resolved" "https://registry.npmjs.org/commander/-/commander-2.3.0.tgz"
  "version" "2.3.0"

"concat-map@0.0.1":
  "integrity" "sha1-2Klr13/Wjfd5OnMDajug1UBdR3s="
  "resolved" "https://registry.npmjs.org/concat-map/-/concat-map-0.0.1.tgz"
  "version" "0.0.1"

"debug@2.2.0":
  "integrity" "sha1-+HBX6ZWxofauaklgZkE3vFbwOdo="
  "resolved" "https://registry.npmjs.org/debug/-/debug-2.2.0.tgz"
  "version" "2.2.0"
  dependencies:
    "ms" "0.7.1"

"deep-eql@^0.1.3":
  "integrity" "sha1-71WKyrjeJSBs1xOQbXTlaTDrafI="
  "resolved" "https://registry.npmjs.org/deep-eql/-/deep-eql-0.1.3.tgz"
  "version" "0.1.3"
  dependencies:
    "type-detect" "0.1.1"

"diff@1.4.0":
  "integrity" "sha1-fyjS657nsVqX79ic5j3P2qPMur8="
  "resolved" "https://registry.npmjs.org/diff/-/diff-1.4.0.tgz"
  "version" "1.4.0"

"escape-string-regexp@1.0.2":
  "integrity" "sha1-Tbwv5nTnGUnK8/smlc5/LcHZqNE="
  "resolved" "https://registry.npmjs.org/escape-string-regexp/-/escape-string-regexp-1.0.2.tgz"
  "version" "1.0.2"

"fs.realpath@^1.0.0":
  "integrity" "sha1-FQStJSMVjKpA20onh8sBQRmU6k8="
  "resolved" "https://registry.npmjs.org/fs.realpath/-/fs.realpath-1.0.0.tgz"
  "version" "1.0.0"

"glob@^7.1.3":
  "integrity" "sha512-lmLf6gtyrPq8tTjSmrO94wBeQbFR3HbLHbuyD69wuyQkImp2hWqMGB47OX65FBkPffO641IP9jWa1z4ivqG26Q=="
  "resolved" "https://registry.npmjs.org/glob/-/glob-7.2.0.tgz"
  "version" "7.2.0"
  dependencies:
    "fs.realpath" "^1.0.0"
    "inflight" "^1.0.4"
    "inherits" "2"
    "minimatch" "^3.0.4"
    "once" "^1.3.0"
    "path-is-absolute" "^1.0.0"

"glob@3.2.11":
  "integrity" "sha1-Spc/Y1uRkPcV0QmH1cAP0oFevj0="
  "resolved" "https://registry.npmjs.org/glob/-/glob-3.2.11.tgz"
  "version" "3.2.11"
  dependencies:
    "inherits" "2"
    "minimatch" "0.3"

"growl@1.9.2":
  "integrity" "sha1-Dqd0NxXbjY3ixe3hd14bRayFwC8="
  "resolved" "https://registry.npmjs.org/growl/-/growl-1.9.2.tgz"
  "version" "1.9.2"

"inflight@^1.0.4":
  "integrity" "sha1-Sb1jMdfQLQwJvJEKEHW6gWW1bfk="
  "resolved" "https://registry.npmjs.org/inflight/-/inflight-1.0.6.tgz"
  "version" "1.0.6"
  dependencies:
    "once" "^1.3.0"
    "wrappy" "1"

"inherits@2":
  "integrity" "sha512-k/vGaX4/Yla3WzyMCvTQOXYeIHvqOKtnqBduzTHpzpQZzAskKMhZ2K+EnBiSM9zGSoIFeMpXKxa4dYeZIQqewQ=="
  "resolved" "https://registry.npmjs.org/inherits/-/inherits-2.0.4.tgz"
  "version" "2.0.4"

"jade@0.26.3":
  "integrity" "sha1-jxDXl32NefL2/4YqgbBRPMslaGw="
  "resolved" "https://registry.npmjs.org/jade/-/jade-0.26.3.tgz"
  "version" "0.26.3"
  dependencies:
    "commander" "0.6.1"
    "mkdirp" "0.3.0"

"lodash@3.8.0":
  "integrity" "sha1-N265i9zZOCqTZcM8TLglDeEyW5E="
  "resolved" "https://registry.npmjs.org/lodash/-/lodash-3.8.0.tgz"
  "version" "3.8.0"

"lru-cache@2":
  "integrity" "sha1-bUUk6LlV+V1PW1iFHOId1y+06VI="
  "resolved" "https://registry.npmjs.org/lru-cache/-/lru-cache-2.7.3.tgz"
  "version" "2.7.3"

"minimatch@^3.0.4":
  "integrity" "sha512-yJHVQEhyqPLUTgt9B83PXu6W3rx4MvvHvSUvToogpwoGDOUQ+yDrR0HRot+yOCdCO7u4hX3pWft6kWBBcqh0UA=="
  "resolved" "https://registry.npmjs.org/minimatch/-/minimatch-3.0.4.tgz"
  "version" "3.0.4"
  dependencies:
    "brace-expansion" "^1.1.7"

"minimatch@0.3":
  "integrity" "sha1-J12O2qxPG7MyZHIInnlJyDlGmd0="
  "resolved" "https://registry.npmjs.org/minimatch/-/minimatch-0.3.0.tgz"
  "version" "0.3.0"
  dependencies:
    "lru-cache" "2"
    "sigmund" "~1.0.0"

"minimist@0.0.8":
  "integrity" "sha1-hX/Kv8M5fSYluCKCYuhqp6ARsF0="
  "resolved" "https://registry.npmjs.org/minimist/-/minimist-0.0.8.tgz"
  "version" "0.0.8"

"mkdirp@0.3.0":
  "integrity" "sha1-G79asbqCevI1dRQ0kEJkVfSB/h4="
  "resolved" "https://registry.npmjs.org/mkdirp/-/mkdirp-0.3.0.tgz"
  "version" "0.3.0"

"mkdirp@0.5.1":
  "integrity" "sha1-MAV0OOrGz3+MR2fzhkjWaX11yQM="
  "resolved" "https://registry.npmjs.org/mkdirp/-/mkdirp-0.5.1.tgz"
  "version" "0.5.1"
  dependencies:
    "minimist" "0.0.8"

"mocha@^2.3.3":
  "integrity" "sha1-FhvlvetJZ3HrmzV0UFC2IrWu/Fg="
  "resolved" "https://registry.npmjs.org/mocha/-/mocha-2.5.3.tgz"
  "version" "2.5.3"
  dependencies:
    "commander" "2.3.0"
    "debug" "2.2.0"
    "diff" "1.4.0"
    "escape-string-regexp" "1.0.2"
    "glob" "3.2.11"
    "growl" "1.9.2"
    "jade" "0.26.3"
    "mkdirp" "0.5.1"
    "supports-color" "1.2.0"
    "to-iso-string" "0.0.2"

"ms@0.7.1":
  "integrity" "sha1-nNE8A62/8ltl7/3nzoZO6VIBcJg="
  "resolved" "https://registry.npmjs.org/ms/-/ms-0.7.1.tgz"
  "version" "0.7.1"

"once@^1.3.0":
  "integrity" "sha1-WDsap3WWHUsROsF9nFC6753Xa9E="
  "resolved" "https://registry.npmjs.org/once/-/once-1.4.0.tgz"
  "version" "1.4.0"
  dependencies:
    "wrappy" "1"

"path-is-absolute@^1.0.0":
  "integrity" "sha1-F0uSaHNVNP+8es5r9TpanhtcX18="
  "resolved" "https://registry.npmjs.org/path-is-absolute/-/path-is-absolute-1.0.1.tgz"
  "version" "1.0.1"

"progress@1.1.2":
  "integrity" "sha1-h/28fHanhAIIl7XpZlVUsF/FjNE="
  "resolved" "https://registry.npmjs.org/progress/-/progress-1.1.2.tgz"
  "version" "1.1.2"

"rewire@^2.4.0":
  "integrity" "sha1-ZCfee3/u+n02QBUH62SlOFvFjcc="
  "resolved" "https://registry.npmjs.org/rewire/-/rewire-2.5.2.tgz"
  "version" "2.5.2"

"rimraf@~2.6.2":
  "integrity" "sha512-mwqeW5XsA2qAejG46gYdENaxXjx9onRNCfn7L0duuP4hCuTIi/QO7PDK07KJfp1d+izWPrzEJDcSqBa0OZQriA=="
  "resolved" "https://registry.npmjs.org/rimraf/-/rimraf-2.6.3.tgz"
  "version" "2.6.3"
  dependencies:
    "glob" "^7.1.3"

"sigmund@~1.0.0":
  "integrity" "sha1-P/IfGYytIXX587eBhT/ZTQ0ZtZA="
  "resolved" "https://registry.npmjs.org/sigmund/-/sigmund-1.0.1.tgz"
  "version" "1.0.1"

"string@1.7.0":
  "integrity" "sha1-NekXtC91jzpXxVH2Zazk1qCYhkQ="
  "resolved" "https://registry.npmjs.org/string/-/string-1.7.0.tgz"
  "version" "1.7.0"

"supports-color@1.2.0":
  "integrity" "sha1-/x7R5hFp0Gs88tWI4YixjYhH4X4="
  "resolved" "https://registry.npmjs.org/supports-color/-/supports-color-1.2.0.tgz"
  "version" "1.2.0"

"temp@^0.8.3":
  "integrity" "sha512-s0ZZzd0BzYv5tLSptZooSjK8oj6C+c19p7Vqta9+6NPOf7r+fxq0cJe6/oN4LTC79sy5NY8ucOJNgwsKCSbfqg=="
  "resolved" "https://registry.npmjs.org/temp/-/temp-0.8.4.tgz"
  "version" "0.8.4"
  dependencies:
    "rimraf" "~2.6.2"

"to-iso-string@0.0.2":
  "integrity" "sha1-TcGeZk38y+Jb2NtQiwDG2hWCVdE="
  "resolved" "https://registry.npmjs.org/to-iso-string/-/to-iso-string-0.0.2.tgz"
  "version" "0.0.2"

"type-detect@^1.0.0":
  "integrity" "sha1-diIXzAbbJY7EiQihKY6LlRIejqI="
  "resolved" "https://registry.npmjs.org/type-detect/-/type-detect-1.0.0.tgz"
  "version" "1.0.0"

"type-detect@0.1.1":
  "integrity" "sha1-C6XsKohWQORw6k6FBZcZANrFiCI="
  "resolved" "https://registry.npmjs.org/type-detect/-/type-detect-0.1.1.tgz"
  "version" "0.1.1"

"wrappy@1":
  "integrity" "sha1-tSQ9jz7BqjXxNkYFvA0QNuMKtp8="
  "resolved" "https://registry.npmjs.org/wrappy/-/wrappy-1.0.2.tgz"
  "version" "1.0.2"
